
Microsoft Visual Studio Solution File, Format Version 12.00
# Visual Studio Version 17
VisualStudioVersion = 17.2.32519.379
MinimumVisualStudioVersion = 10.0.40219.1
Project("{FAE04EC0-301F-11D3-BF4B-00C04F79EFBC}") = "FuelQuoteApp_p1", "FuelQuoteApp_p1\FuelQuoteApp_p1.csproj", "{2F7FEA9B-8506-406E-BE25-64F155DCBB9B}"
EndProject
Global
	GlobalSection(SolutionConfigurationPlatforms) = preSolution
		Debug|Any CPU = Debug|Any CPU
		Release|Any CPU = Release|Any CPU
	EndGlobalSection
	GlobalSection(ProjectConfigurationPlatforms) = postSolution
		{2F7FEA9B-8506-406E-BE25-64F155DCBB9B}.Debug|Any CPU.ActiveCfg = Debug|Any CPU
		{2F7FEA9B-8506-406E-BE25-64F155DCBB9B}.Debug|Any CPU.Build.0 = Debug|Any CPU
		{2F7FEA9B-8506-406E-BE25-64F155DCBB9B}.Release|Any CPU.ActiveCfg = Release|Any CPU
		{2F7FEA9B-8506-406E-BE25-64F155DCBB9B}.Release|Any CPU.Build.0 = Release|Any CPU
	EndGlobalSection
	GlobalSection(SolutionProperties) = preSolution
		HideSolutionNode = FALSE
	EndGlobalSection
	GlobalSection(ExtensibilityGlobals) = postSolution
		SolutionGuid = {9B5642AF-F70D-4C86-8876-C152A7ED0A35}
	EndGlobalSection
EndGlobal
